
Microsoft Visual Studio Solution File, Format Version 12.00
# Visual Studio Version 17
VisualStudioVersion = 17.0.31903.59
MinimumVisualStudioVersion = 10.0.40219.1
Project("{2150E333-8FDC-42A3-9474-1A3956D46DE8}") = "Command", "Command", "{6DEC22B6-AD2D-232C-15CA-2E29BFC0A760}"
EndProject
Project("{2150E333-8FDC-42A3-9474-1A3956D46DE8}") = "Api", "Api", "{DC8A8200-0BF1-E164-B057-EED839B00FF3}"
EndProject
Project("{FAE04EC0-301F-11D3-BF4B-00C04F79EFBC}") = "TimeService.Command.Api", "Command\Api\TimeService.Command.Api.csproj", "{E326CBC4-6C25-4D5B-8061-C6ECA7E67E4F}"
EndProject
Project("{2150E333-8FDC-42A3-9474-1A3956D46DE8}") = "Application", "Application", "{95E165FC-1DA4-71EF-2A37-17F0D22F8E9B}"
EndProject
Project("{FAE04EC0-301F-11D3-BF4B-00C04F79EFBC}") = "TimeService.Command.Application", "Command\Application\TimeService.Command.Application.csproj", "{5E6E6D86-D6BB-4BF7-9602-C65686A0BC6D}"
EndProject
Project("{2150E333-8FDC-42A3-9474-1A3956D46DE8}") = "Domain", "Domain", "{D14C3126-99A2-C67A-D0E5-1349910DA74E}"
EndProject
Project("{FAE04EC0-301F-11D3-BF4B-00C04F79EFBC}") = "TimeService.Command.Domain", "Command\Domain\TimeService.Command.Domain.csproj", "{69BF9D14-2ADE-4553-9E54-8E783AB1B5DC}"
EndProject
Project("{2150E333-8FDC-42A3-9474-1A3956D46DE8}") = "Infrastructure", "Infrastructure", "{90EA650C-76BD-53F4-2E94-5F26168E99AE}"
EndProject
Project("{FAE04EC0-301F-11D3-BF4B-00C04F79EFBC}") = "TimeService.Command.Infrastructure", "Command\Infrastructure\TimeService.Command.Infrastructure.csproj", "{2F35CFD7-1A56-4108-AF46-6E28FE0766B2}"
EndProject
Project("{2150E333-8FDC-42A3-9474-1A3956D46DE8}") = "Query", "Query", "{65EFAC6D-19F9-8D55-5040-B8CC5FE95569}"
EndProject
Project("{2150E333-8FDC-42A3-9474-1A3956D46DE8}") = "Api", "Api", "{2915EB76-77A3-A4BC-2D64-1D5D4F0B6ADF}"
EndProject
Project("{FAE04EC0-301F-11D3-BF4B-00C04F79EFBC}") = "TimeService.Query.Api", "Query\Api\TimeService.Query.Api.csproj", "{CB988575-CB16-4802-B2FC-61E50D6CEC26}"
EndProject
Project("{2150E333-8FDC-42A3-9474-1A3956D46DE8}") = "Application", "Application", "{A258827C-08E1-3054-AA67-2ED2C8381315}"
EndProject
Project("{FAE04EC0-301F-11D3-BF4B-00C04F79EFBC}") = "TimeService.Query.Application", "Query\Application\TimeService.Query.Application.csproj", "{23A9C967-E31C-44E3-8056-3A38CA41B7E5}"
EndProject
Project("{2150E333-8FDC-42A3-9474-1A3956D46DE8}") = "Domain", "Domain", "{1045090B-9975-4EA9-D8DE-694182C32A8F}"
EndProject
Project("{FAE04EC0-301F-11D3-BF4B-00C04F79EFBC}") = "TimeService.Query.Domain", "Query\Domain\TimeService.Query.Domain.csproj", "{9ED486F2-02A5-4695-9528-BFEED238B388}"
EndProject
Project("{2150E333-8FDC-42A3-9474-1A3956D46DE8}") = "Infrastructure", "Infrastructure", "{41BA70F0-AB31-FE8E-05ED-789B71110A58}"
EndProject
Project("{FAE04EC0-301F-11D3-BF4B-00C04F79EFBC}") = "TimeService.Query.Infrastructure", "Query\Infrastructure\TimeService.Query.Infrastructure.csproj", "{3F4B40CC-D5BF-435C-9E07-E08C1A4D1388}"
EndProject
Global
	GlobalSection(SolutionConfigurationPlatforms) = preSolution
		Debug|Any CPU = Debug|Any CPU
		Debug|x64 = Debug|x64
		Debug|x86 = Debug|x86
		Release|Any CPU = Release|Any CPU
		Release|x64 = Release|x64
		Release|x86 = Release|x86
	EndGlobalSection
	GlobalSection(ProjectConfigurationPlatforms) = postSolution
		{E326CBC4-6C25-4D5B-8061-C6ECA7E67E4F}.Debug|Any CPU.ActiveCfg = Debug|Any CPU
		{E326CBC4-6C25-4D5B-8061-C6ECA7E67E4F}.Debug|Any CPU.Build.0 = Debug|Any CPU
		{E326CBC4-6C25-4D5B-8061-C6ECA7E67E4F}.Debug|x64.ActiveCfg = Debug|Any CPU
		{E326CBC4-6C25-4D5B-8061-C6ECA7E67E4F}.Debug|x64.Build.0 = Debug|Any CPU
		{E326CBC4-6C25-4D5B-8061-C6ECA7E67E4F}.Debug|x86.ActiveCfg = Debug|Any CPU
		{E326CBC4-6C25-4D5B-8061-C6ECA7E67E4F}.Debug|x86.Build.0 = Debug|Any CPU
		{E326CBC4-6C25-4D5B-8061-C6ECA7E67E4F}.Release|Any CPU.ActiveCfg = Release|Any CPU
		{E326CBC4-6C25-4D5B-8061-C6ECA7E67E4F}.Release|Any CPU.Build.0 = Release|Any CPU
		{E326CBC4-6C25-4D5B-8061-C6ECA7E67E4F}.Release|x64.ActiveCfg = Release|Any CPU
		{E326CBC4-6C25-4D5B-8061-C6ECA7E67E4F}.Release|x64.Build.0 = Release|Any CPU
		{E326CBC4-6C25-4D5B-8061-C6ECA7E67E4F}.Release|x86.ActiveCfg = Release|Any CPU
		{E326CBC4-6C25-4D5B-8061-C6ECA7E67E4F}.Release|x86.Build.0 = Release|Any CPU
		{5E6E6D86-D6BB-4BF7-9602-C65686A0BC6D}.Debug|Any CPU.ActiveCfg = Debug|Any CPU
		{5E6E6D86-D6BB-4BF7-9602-C65686A0BC6D}.Debug|Any CPU.Build.0 = Debug|Any CPU
		{5E6E6D86-D6BB-4BF7-9602-C65686A0BC6D}.Debug|x64.ActiveCfg = Debug|Any CPU
		{5E6E6D86-D6BB-4BF7-9602-C65686A0BC6D}.Debug|x64.Build.0 = Debug|Any CPU
		{5E6E6D86-D6BB-4BF7-9602-C65686A0BC6D}.Debug|x86.ActiveCfg = Debug|Any CPU
		{5E6E6D86-D6BB-4BF7-9602-C65686A0BC6D}.Debug|x86.Build.0 = Debug|Any CPU
		{5E6E6D86-D6BB-4BF7-9602-C65686A0BC6D}.Release|Any CPU.ActiveCfg = Release|Any CPU
		{5E6E6D86-D6BB-4BF7-9602-C65686A0BC6D}.Release|Any CPU.Build.0 = Release|Any CPU
		{5E6E6D86-D6BB-4BF7-9602-C65686A0BC6D}.Release|x64.ActiveCfg = Release|Any CPU
		{5E6E6D86-D6BB-4BF7-9602-C65686A0BC6D}.Release|x64.Build.0 = Release|Any CPU
		{5E6E6D86-D6BB-4BF7-9602-C65686A0BC6D}.Release|x86.ActiveCfg = Release|Any CPU
		{5E6E6D86-D6BB-4BF7-9602-C65686A0BC6D}.Release|x86.Build.0 = Release|Any CPU
		{69BF9D14-2ADE-4553-9E54-8E783AB1B5DC}.Debug|Any CPU.ActiveCfg = Debug|Any CPU
		{69BF9D14-2ADE-4553-9E54-8E783AB1B5DC}.Debug|Any CPU.Build.0 = Debug|Any CPU
		{69BF9D14-2ADE-4553-9E54-8E783AB1B5DC}.Debug|x64.ActiveCfg = Debug|Any CPU
		{69BF9D14-2ADE-4553-9E54-8E783AB1B5DC}.Debug|x64.Build.0 = Debug|Any CPU
		{69BF9D14-2ADE-4553-9E54-8E783AB1B5DC}.Debug|x86.ActiveCfg = Debug|Any CPU
		{69BF9D14-2ADE-4553-9E54-8E783AB1B5DC}.Debug|x86.Build.0 = Debug|Any CPU
		{69BF9D14-2ADE-4553-9E54-8E783AB1B5DC}.Release|Any CPU.ActiveCfg = Release|Any CPU
		{69BF9D14-2ADE-4553-9E54-8E783AB1B5DC}.Release|Any CPU.Build.0 = Release|Any CPU
		{69BF9D14-2ADE-4553-9E54-8E783AB1B5DC}.Release|x64.ActiveCfg = Release|Any CPU
		{69BF9D14-2ADE-4553-9E54-8E783AB1B5DC}.Release|x64.Build.0 = Release|Any CPU
		{69BF9D14-2ADE-4553-9E54-8E783AB1B5DC}.Release|x86.ActiveCfg = Release|Any CPU
		{69BF9D14-2ADE-4553-9E54-8E783AB1B5DC}.Release|x86.Build.0 = Release|Any CPU
		{2F35CFD7-1A56-4108-AF46-6E28FE0766B2}.Debug|Any CPU.ActiveCfg = Debug|Any CPU
		{2F35CFD7-1A56-4108-AF46-6E28FE0766B2}.Debug|Any CPU.Build.0 = Debug|Any CPU
		{2F35CFD7-1A56-4108-AF46-6E28FE0766B2}.Debug|x64.ActiveCfg = Debug|Any CPU
		{2F35CFD7-1A56-4108-AF46-6E28FE0766B2}.Debug|x64.Build.0 = Debug|Any CPU
		{2F35CFD7-1A56-4108-AF46-6E28FE0766B2}.Debug|x86.ActiveCfg = Debug|Any CPU
		{2F35CFD7-1A56-4108-AF46-6E28FE0766B2}.Debug|x86.Build.0 = Debug|Any CPU
		{2F35CFD7-1A56-4108-AF46-6E28FE0766B2}.Release|Any CPU.ActiveCfg = Release|Any CPU
		{2F35CFD7-1A56-4108-AF46-6E28FE0766B2}.Release|Any CPU.Build.0 = Release|Any CPU
		{2F35CFD7-1A56-4108-AF46-6E28FE0766B2}.Release|x64.ActiveCfg = Release|Any CPU
		{2F35CFD7-1A56-4108-AF46-6E28FE0766B2}.Release|x64.Build.0 = Release|Any CPU
		{2F35CFD7-1A56-4108-AF46-6E28FE0766B2}.Release|x86.ActiveCfg = Release|Any CPU
		{2F35CFD7-1A56-4108-AF46-6E28FE0766B2}.Release|x86.Build.0 = Release|Any CPU
		{CB988575-CB16-4802-B2FC-61E50D6CEC26}.Debug|Any CPU.ActiveCfg = Debug|Any CPU
		{CB988575-CB16-4802-B2FC-61E50D6CEC26}.Debug|Any CPU.Build.0 = Debug|Any CPU
		{CB988575-CB16-4802-B2FC-61E50D6CEC26}.Debug|x64.ActiveCfg = Debug|Any CPU
		{CB988575-CB16-4802-B2FC-61E50D6CEC26}.Debug|x64.Build.0 = Debug|Any CPU
		{CB988575-CB16-4802-B2FC-61E50D6CEC26}.Debug|x86.ActiveCfg = Debug|Any CPU
		{CB988575-CB16-4802-B2FC-61E50D6CEC26}.Debug|x86.Build.0 = Debug|Any CPU
		{CB988575-CB16-4802-B2FC-61E50D6CEC26}.Release|Any CPU.ActiveCfg = Release|Any CPU
		{CB988575-CB16-4802-B2FC-61E50D6CEC26}.Release|Any CPU.Build.0 = Release|Any CPU
		{CB988575-CB16-4802-B2FC-61E50D6CEC26}.Release|x64.ActiveCfg = Release|Any CPU
		{CB988575-CB16-4802-B2FC-61E50D6CEC26}.Release|x64.Build.0 = Release|Any CPU
		{CB988575-CB16-4802-B2FC-61E50D6CEC26}.Release|x86.ActiveCfg = Release|Any CPU
		{CB988575-CB16-4802-B2FC-61E50D6CEC26}.Release|x86.Build.0 = Release|Any CPU
		{23A9C967-E31C-44E3-8056-3A38CA41B7E5}.Debug|Any CPU.ActiveCfg = Debug|Any CPU
		{23A9C967-E31C-44E3-8056-3A38CA41B7E5}.Debug|Any CPU.Build.0 = Debug|Any CPU
		{23A9C967-E31C-44E3-8056-3A38CA41B7E5}.Debug|x64.ActiveCfg = Debug|Any CPU
		{23A9C967-E31C-44E3-8056-3A38CA41B7E5}.Debug|x64.Build.0 = Debug|Any CPU
		{23A9C967-E31C-44E3-8056-3A38CA41B7E5}.Debug|x86.ActiveCfg = Debug|Any CPU
		{23A9C967-E31C-44E3-8056-3A38CA41B7E5}.Debug|x86.Build.0 = Debug|Any CPU
		{23A9C967-E31C-44E3-8056-3A38CA41B7E5}.Release|Any CPU.ActiveCfg = Release|Any CPU
		{23A9C967-E31C-44E3-8056-3A38CA41B7E5}.Release|Any CPU.Build.0 = Release|Any CPU
		{23A9C967-E31C-44E3-8056-3A38CA41B7E5}.Release|x64.ActiveCfg = Release|Any CPU
		{23A9C967-E31C-44E3-8056-3A38CA41B7E5}.Release|x64.Build.0 = Release|Any CPU
		{23A9C967-E31C-44E3-8056-3A38CA41B7E5}.Release|x86.ActiveCfg = Release|Any CPU
		{23A9C967-E31C-44E3-8056-3A38CA41B7E5}.Release|x86.Build.0 = Release|Any CPU
		{9ED486F2-02A5-4695-9528-BFEED238B388}.Debug|Any CPU.ActiveCfg = Debug|Any CPU
		{9ED486F2-02A5-4695-9528-BFEED238B388}.Debug|Any CPU.Build.0 = Debug|Any CPU
		{9ED486F2-02A5-4695-9528-BFEED238B388}.Debug|x64.ActiveCfg = Debug|Any CPU
		{9ED486F2-02A5-4695-9528-BFEED238B388}.Debug|x64.Build.0 = Debug|Any CPU
		{9ED486F2-02A5-4695-9528-BFEED238B388}.Debug|x86.ActiveCfg = Debug|Any CPU
		{9ED486F2-02A5-4695-9528-BFEED238B388}.Debug|x86.Build.0 = Debug|Any CPU
		{9ED486F2-02A5-4695-9528-BFEED238B388}.Release|Any CPU.ActiveCfg = Release|Any CPU
		{9ED486F2-02A5-4695-9528-BFEED238B388}.Release|Any CPU.Build.0 = Release|Any CPU
		{9ED486F2-02A5-4695-9528-BFEED238B388}.Release|x64.ActiveCfg = Release|Any CPU
		{9ED486F2-02A5-4695-9528-BFEED238B388}.Release|x64.Build.0 = Release|Any CPU
		{9ED486F2-02A5-4695-9528-BFEED238B388}.Release|x86.ActiveCfg = Release|Any CPU
		{9ED486F2-02A5-4695-9528-BFEED238B388}.Release|x86.Build.0 = Release|Any CPU
		{3F4B40CC-D5BF-435C-9E07-E08C1A4D1388}.Debug|Any CPU.ActiveCfg = Debug|Any CPU
		{3F4B40CC-D5BF-435C-9E07-E08C1A4D1388}.Debug|Any CPU.Build.0 = Debug|Any CPU
		{3F4B40CC-D5BF-435C-9E07-E08C1A4D1388}.Debug|x64.ActiveCfg = Debug|Any CPU
		{3F4B40CC-D5BF-435C-9E07-E08C1A4D1388}.Debug|x64.Build.0 = Debug|Any CPU
		{3F4B40CC-D5BF-435C-9E07-E08C1A4D1388}.Debug|x86.ActiveCfg = Debug|Any CPU
		{3F4B40CC-D5BF-435C-9E07-E08C1A4D1388}.Debug|x86.Build.0 = Debug|Any CPU
		{3F4B40CC-D5BF-435C-9E07-E08C1A4D1388}.Release|Any CPU.ActiveCfg = Release|Any CPU
		{3F4B40CC-D5BF-435C-9E07-E08C1A4D1388}.Release|Any CPU.Build.0 = Release|Any CPU
		{3F4B40CC-D5BF-435C-9E07-E08C1A4D1388}.Release|x64.ActiveCfg = Release|Any CPU
		{3F4B40CC-D5BF-435C-9E07-E08C1A4D1388}.Release|x64.Build.0 = Release|Any CPU
		{3F4B40CC-D5BF-435C-9E07-E08C1A4D1388}.Release|x86.ActiveCfg = Release|Any CPU
		{3F4B40CC-D5BF-435C-9E07-E08C1A4D1388}.Release|x86.Build.0 = Release|Any CPU
	EndGlobalSection
	GlobalSection(SolutionProperties) = preSolution
		HideSolutionNode = FALSE
	EndGlobalSection
	GlobalSection(NestedProjects) = preSolution
		{DC8A8200-0BF1-E164-B057-EED839B00FF3} = {6DEC22B6-AD2D-232C-15CA-2E29BFC0A760}
		{E326CBC4-6C25-4D5B-8061-C6ECA7E67E4F} = {DC8A8200-0BF1-E164-B057-EED839B00FF3}
		{95E165FC-1DA4-71EF-2A37-17F0D22F8E9B} = {6DEC22B6-AD2D-232C-15CA-2E29BFC0A760}
		{5E6E6D86-D6BB-4BF7-9602-C65686A0BC6D} = {95E165FC-1DA4-71EF-2A37-17F0D22F8E9B}
		{D14C3126-99A2-C67A-D0E5-1349910DA74E} = {6DEC22B6-AD2D-232C-15CA-2E29BFC0A760}
		{69BF9D14-2ADE-4553-9E54-8E783AB1B5DC} = {D14C3126-99A2-C67A-D0E5-1349910DA74E}
		{90EA650C-76BD-53F4-2E94-5F26168E99AE} = {6DEC22B6-AD2D-232C-15CA-2E29BFC0A760}
		{2F35CFD7-1A56-4108-AF46-6E28FE0766B2} = {90EA650C-76BD-53F4-2E94-5F26168E99AE}
		{2915EB76-77A3-A4BC-2D64-1D5D4F0B6ADF} = {65EFAC6D-19F9-8D55-5040-B8CC5FE95569}
		{CB988575-CB16-4802-B2FC-61E50D6CEC26} = {2915EB76-77A3-A4BC-2D64-1D5D4F0B6ADF}
		{A258827C-08E1-3054-AA67-2ED2C8381315} = {65EFAC6D-19F9-8D55-5040-B8CC5FE95569}
		{23A9C967-E31C-44E3-8056-3A38CA41B7E5} = {A258827C-08E1-3054-AA67-2ED2C8381315}
		{1045090B-9975-4EA9-D8DE-694182C32A8F} = {65EFAC6D-19F9-8D55-5040-B8CC5FE95569}
		{9ED486F2-02A5-4695-9528-BFEED238B388} = {1045090B-9975-4EA9-D8DE-694182C32A8F}
		{41BA70F0-AB31-FE8E-05ED-789B71110A58} = {65EFAC6D-19F9-8D55-5040-B8CC5FE95569}
		{3F4B40CC-D5BF-435C-9E07-E08C1A4D1388} = {41BA70F0-AB31-FE8E-05ED-789B71110A58}
	EndGlobalSection
EndGlobal
