
Microsoft Visual Studio Solution File, Format Version 12.00
# Visual Studio Version 17
VisualStudioVersion = 17.0.31903.59
MinimumVisualStudioVersion = 10.0.40219.1
Project("{2150E333-8FDC-42A3-9474-1A3956D46DE8}") = "Command", "Command", "{6DEC22B6-AD2D-232C-15CA-2E29BFC0A760}"
EndProject
Project("{2150E333-8FDC-42A3-9474-1A3956D46DE8}") = "Api", "Api", "{DC8A8200-0BF1-E164-B057-EED839B00FF3}"
EndProject
Project("{FAE04EC0-301F-11D3-BF4B-00C04F79EFBC}") = "EvolutionService.Command.Api", "Command\Api\EvolutionService.Command.Api.csproj", "{7394FDEF-DEF6-47AF-B271-338B461E4C44}"
EndProject
Project("{2150E333-8FDC-42A3-9474-1A3956D46DE8}") = "Application", "Application", "{95E165FC-1DA4-71EF-2A37-17F0D22F8E9B}"
EndProject
Project("{FAE04EC0-301F-11D3-BF4B-00C04F79EFBC}") = "EvolutionService.Command.Application", "Command\Application\EvolutionService.Command.Application.csproj", "{1D1BB733-9172-4ABC-A91E-6DD5CB48DCBF}"
EndProject
Project("{2150E333-8FDC-42A3-9474-1A3956D46DE8}") = "Domain", "Domain", "{D14C3126-99A2-C67A-D0E5-1349910DA74E}"
EndProject
Project("{FAE04EC0-301F-11D3-BF4B-00C04F79EFBC}") = "EvolutionService.Command.Domain", "Command\Domain\EvolutionService.Command.Domain.csproj", "{FD2B861A-C6D5-4E95-83DB-2E1893C082CA}"
EndProject
Project("{2150E333-8FDC-42A3-9474-1A3956D46DE8}") = "Infrastructure", "Infrastructure", "{90EA650C-76BD-53F4-2E94-5F26168E99AE}"
EndProject
Project("{FAE04EC0-301F-11D3-BF4B-00C04F79EFBC}") = "EvolutionService.Command.Infrastructure", "Command\Infrastructure\EvolutionService.Command.Infrastructure.csproj", "{9CDD6322-AD92-4A03-B91B-27EA0C26C9F7}"
EndProject
Project("{2150E333-8FDC-42A3-9474-1A3956D46DE8}") = "Query", "Query", "{65EFAC6D-19F9-8D55-5040-B8CC5FE95569}"
EndProject
Project("{2150E333-8FDC-42A3-9474-1A3956D46DE8}") = "Api", "Api", "{2915EB76-77A3-A4BC-2D64-1D5D4F0B6ADF}"
EndProject
Project("{FAE04EC0-301F-11D3-BF4B-00C04F79EFBC}") = "EvolutionService.Query.Api", "Query\Api\EvolutionService.Query.Api.csproj", "{89060B52-4F2F-495A-B9BC-5E402A179A5D}"
EndProject
Project("{2150E333-8FDC-42A3-9474-1A3956D46DE8}") = "Application", "Application", "{A258827C-08E1-3054-AA67-2ED2C8381315}"
EndProject
Project("{FAE04EC0-301F-11D3-BF4B-00C04F79EFBC}") = "EvolutionService.Query.Application", "Query\Application\EvolutionService.Query.Application.csproj", "{1029F6A3-6443-48FF-84EA-E60E7A5D696C}"
EndProject
Project("{2150E333-8FDC-42A3-9474-1A3956D46DE8}") = "Domain", "Domain", "{1045090B-9975-4EA9-D8DE-694182C32A8F}"
EndProject
Project("{FAE04EC0-301F-11D3-BF4B-00C04F79EFBC}") = "EvolutionService.Query.Domain", "Query\Domain\EvolutionService.Query.Domain.csproj", "{FAE57E0C-F590-48F9-9D30-D8FD17B507AC}"
EndProject
Project("{2150E333-8FDC-42A3-9474-1A3956D46DE8}") = "Infrastructure", "Infrastructure", "{41BA70F0-AB31-FE8E-05ED-789B71110A58}"
EndProject
Project("{FAE04EC0-301F-11D3-BF4B-00C04F79EFBC}") = "EvolutionService.Query.Infrastructure", "Query\Infrastructure\EvolutionService.Query.Infrastructure.csproj", "{4586BF09-81CE-4AB0-B275-BF40430452FB}"
EndProject
Global
	GlobalSection(SolutionConfigurationPlatforms) = preSolution
		Debug|Any CPU = Debug|Any CPU
		Debug|x64 = Debug|x64
		Debug|x86 = Debug|x86
		Release|Any CPU = Release|Any CPU
		Release|x64 = Release|x64
		Release|x86 = Release|x86
	EndGlobalSection
	GlobalSection(ProjectConfigurationPlatforms) = postSolution
		{7394FDEF-DEF6-47AF-B271-338B461E4C44}.Debug|Any CPU.ActiveCfg = Debug|Any CPU
		{7394FDEF-DEF6-47AF-B271-338B461E4C44}.Debug|Any CPU.Build.0 = Debug|Any CPU
		{7394FDEF-DEF6-47AF-B271-338B461E4C44}.Debug|x64.ActiveCfg = Debug|Any CPU
		{7394FDEF-DEF6-47AF-B271-338B461E4C44}.Debug|x64.Build.0 = Debug|Any CPU
		{7394FDEF-DEF6-47AF-B271-338B461E4C44}.Debug|x86.ActiveCfg = Debug|Any CPU
		{7394FDEF-DEF6-47AF-B271-338B461E4C44}.Debug|x86.Build.0 = Debug|Any CPU
		{7394FDEF-DEF6-47AF-B271-338B461E4C44}.Release|Any CPU.ActiveCfg = Release|Any CPU
		{7394FDEF-DEF6-47AF-B271-338B461E4C44}.Release|Any CPU.Build.0 = Release|Any CPU
		{7394FDEF-DEF6-47AF-B271-338B461E4C44}.Release|x64.ActiveCfg = Release|Any CPU
		{7394FDEF-DEF6-47AF-B271-338B461E4C44}.Release|x64.Build.0 = Release|Any CPU
		{7394FDEF-DEF6-47AF-B271-338B461E4C44}.Release|x86.ActiveCfg = Release|Any CPU
		{7394FDEF-DEF6-47AF-B271-338B461E4C44}.Release|x86.Build.0 = Release|Any CPU
		{1D1BB733-9172-4ABC-A91E-6DD5CB48DCBF}.Debug|Any CPU.ActiveCfg = Debug|Any CPU
		{1D1BB733-9172-4ABC-A91E-6DD5CB48DCBF}.Debug|Any CPU.Build.0 = Debug|Any CPU
		{1D1BB733-9172-4ABC-A91E-6DD5CB48DCBF}.Debug|x64.ActiveCfg = Debug|Any CPU
		{1D1BB733-9172-4ABC-A91E-6DD5CB48DCBF}.Debug|x64.Build.0 = Debug|Any CPU
		{1D1BB733-9172-4ABC-A91E-6DD5CB48DCBF}.Debug|x86.ActiveCfg = Debug|Any CPU
		{1D1BB733-9172-4ABC-A91E-6DD5CB48DCBF}.Debug|x86.Build.0 = Debug|Any CPU
		{1D1BB733-9172-4ABC-A91E-6DD5CB48DCBF}.Release|Any CPU.ActiveCfg = Release|Any CPU
		{1D1BB733-9172-4ABC-A91E-6DD5CB48DCBF}.Release|Any CPU.Build.0 = Release|Any CPU
		{1D1BB733-9172-4ABC-A91E-6DD5CB48DCBF}.Release|x64.ActiveCfg = Release|Any CPU
		{1D1BB733-9172-4ABC-A91E-6DD5CB48DCBF}.Release|x64.Build.0 = Release|Any CPU
		{1D1BB733-9172-4ABC-A91E-6DD5CB48DCBF}.Release|x86.ActiveCfg = Release|Any CPU
		{1D1BB733-9172-4ABC-A91E-6DD5CB48DCBF}.Release|x86.Build.0 = Release|Any CPU
		{FD2B861A-C6D5-4E95-83DB-2E1893C082CA}.Debug|Any CPU.ActiveCfg = Debug|Any CPU
		{FD2B861A-C6D5-4E95-83DB-2E1893C082CA}.Debug|Any CPU.Build.0 = Debug|Any CPU
		{FD2B861A-C6D5-4E95-83DB-2E1893C082CA}.Debug|x64.ActiveCfg = Debug|Any CPU
		{FD2B861A-C6D5-4E95-83DB-2E1893C082CA}.Debug|x64.Build.0 = Debug|Any CPU
		{FD2B861A-C6D5-4E95-83DB-2E1893C082CA}.Debug|x86.ActiveCfg = Debug|Any CPU
		{FD2B861A-C6D5-4E95-83DB-2E1893C082CA}.Debug|x86.Build.0 = Debug|Any CPU
		{FD2B861A-C6D5-4E95-83DB-2E1893C082CA}.Release|Any CPU.ActiveCfg = Release|Any CPU
		{FD2B861A-C6D5-4E95-83DB-2E1893C082CA}.Release|Any CPU.Build.0 = Release|Any CPU
		{FD2B861A-C6D5-4E95-83DB-2E1893C082CA}.Release|x64.ActiveCfg = Release|Any CPU
		{FD2B861A-C6D5-4E95-83DB-2E1893C082CA}.Release|x64.Build.0 = Release|Any CPU
		{FD2B861A-C6D5-4E95-83DB-2E1893C082CA}.Release|x86.ActiveCfg = Release|Any CPU
		{FD2B861A-C6D5-4E95-83DB-2E1893C082CA}.Release|x86.Build.0 = Release|Any CPU
		{9CDD6322-AD92-4A03-B91B-27EA0C26C9F7}.Debug|Any CPU.ActiveCfg = Debug|Any CPU
		{9CDD6322-AD92-4A03-B91B-27EA0C26C9F7}.Debug|Any CPU.Build.0 = Debug|Any CPU
		{9CDD6322-AD92-4A03-B91B-27EA0C26C9F7}.Debug|x64.ActiveCfg = Debug|Any CPU
		{9CDD6322-AD92-4A03-B91B-27EA0C26C9F7}.Debug|x64.Build.0 = Debug|Any CPU
		{9CDD6322-AD92-4A03-B91B-27EA0C26C9F7}.Debug|x86.ActiveCfg = Debug|Any CPU
		{9CDD6322-AD92-4A03-B91B-27EA0C26C9F7}.Debug|x86.Build.0 = Debug|Any CPU
		{9CDD6322-AD92-4A03-B91B-27EA0C26C9F7}.Release|Any CPU.ActiveCfg = Release|Any CPU
		{9CDD6322-AD92-4A03-B91B-27EA0C26C9F7}.Release|Any CPU.Build.0 = Release|Any CPU
		{9CDD6322-AD92-4A03-B91B-27EA0C26C9F7}.Release|x64.ActiveCfg = Release|Any CPU
		{9CDD6322-AD92-4A03-B91B-27EA0C26C9F7}.Release|x64.Build.0 = Release|Any CPU
		{9CDD6322-AD92-4A03-B91B-27EA0C26C9F7}.Release|x86.ActiveCfg = Release|Any CPU
		{9CDD6322-AD92-4A03-B91B-27EA0C26C9F7}.Release|x86.Build.0 = Release|Any CPU
		{89060B52-4F2F-495A-B9BC-5E402A179A5D}.Debug|Any CPU.ActiveCfg = Debug|Any CPU
		{89060B52-4F2F-495A-B9BC-5E402A179A5D}.Debug|Any CPU.Build.0 = Debug|Any CPU
		{89060B52-4F2F-495A-B9BC-5E402A179A5D}.Debug|x64.ActiveCfg = Debug|Any CPU
		{89060B52-4F2F-495A-B9BC-5E402A179A5D}.Debug|x64.Build.0 = Debug|Any CPU
		{89060B52-4F2F-495A-B9BC-5E402A179A5D}.Debug|x86.ActiveCfg = Debug|Any CPU
		{89060B52-4F2F-495A-B9BC-5E402A179A5D}.Debug|x86.Build.0 = Debug|Any CPU
		{89060B52-4F2F-495A-B9BC-5E402A179A5D}.Release|Any CPU.ActiveCfg = Release|Any CPU
		{89060B52-4F2F-495A-B9BC-5E402A179A5D}.Release|Any CPU.Build.0 = Release|Any CPU
		{89060B52-4F2F-495A-B9BC-5E402A179A5D}.Release|x64.ActiveCfg = Release|Any CPU
		{89060B52-4F2F-495A-B9BC-5E402A179A5D}.Release|x64.Build.0 = Release|Any CPU
		{89060B52-4F2F-495A-B9BC-5E402A179A5D}.Release|x86.ActiveCfg = Release|Any CPU
		{89060B52-4F2F-495A-B9BC-5E402A179A5D}.Release|x86.Build.0 = Release|Any CPU
		{1029F6A3-6443-48FF-84EA-E60E7A5D696C}.Debug|Any CPU.ActiveCfg = Debug|Any CPU
		{1029F6A3-6443-48FF-84EA-E60E7A5D696C}.Debug|Any CPU.Build.0 = Debug|Any CPU
		{1029F6A3-6443-48FF-84EA-E60E7A5D696C}.Debug|x64.ActiveCfg = Debug|Any CPU
		{1029F6A3-6443-48FF-84EA-E60E7A5D696C}.Debug|x64.Build.0 = Debug|Any CPU
		{1029F6A3-6443-48FF-84EA-E60E7A5D696C}.Debug|x86.ActiveCfg = Debug|Any CPU
		{1029F6A3-6443-48FF-84EA-E60E7A5D696C}.Debug|x86.Build.0 = Debug|Any CPU
		{1029F6A3-6443-48FF-84EA-E60E7A5D696C}.Release|Any CPU.ActiveCfg = Release|Any CPU
		{1029F6A3-6443-48FF-84EA-E60E7A5D696C}.Release|Any CPU.Build.0 = Release|Any CPU
		{1029F6A3-6443-48FF-84EA-E60E7A5D696C}.Release|x64.ActiveCfg = Release|Any CPU
		{1029F6A3-6443-48FF-84EA-E60E7A5D696C}.Release|x64.Build.0 = Release|Any CPU
		{1029F6A3-6443-48FF-84EA-E60E7A5D696C}.Release|x86.ActiveCfg = Release|Any CPU
		{1029F6A3-6443-48FF-84EA-E60E7A5D696C}.Release|x86.Build.0 = Release|Any CPU
		{FAE57E0C-F590-48F9-9D30-D8FD17B507AC}.Debug|Any CPU.ActiveCfg = Debug|Any CPU
		{FAE57E0C-F590-48F9-9D30-D8FD17B507AC}.Debug|Any CPU.Build.0 = Debug|Any CPU
		{FAE57E0C-F590-48F9-9D30-D8FD17B507AC}.Debug|x64.ActiveCfg = Debug|Any CPU
		{FAE57E0C-F590-48F9-9D30-D8FD17B507AC}.Debug|x64.Build.0 = Debug|Any CPU
		{FAE57E0C-F590-48F9-9D30-D8FD17B507AC}.Debug|x86.ActiveCfg = Debug|Any CPU
		{FAE57E0C-F590-48F9-9D30-D8FD17B507AC}.Debug|x86.Build.0 = Debug|Any CPU
		{FAE57E0C-F590-48F9-9D30-D8FD17B507AC}.Release|Any CPU.ActiveCfg = Release|Any CPU
		{FAE57E0C-F590-48F9-9D30-D8FD17B507AC}.Release|Any CPU.Build.0 = Release|Any CPU
		{FAE57E0C-F590-48F9-9D30-D8FD17B507AC}.Release|x64.ActiveCfg = Release|Any CPU
		{FAE57E0C-F590-48F9-9D30-D8FD17B507AC}.Release|x64.Build.0 = Release|Any CPU
		{FAE57E0C-F590-48F9-9D30-D8FD17B507AC}.Release|x86.ActiveCfg = Release|Any CPU
		{FAE57E0C-F590-48F9-9D30-D8FD17B507AC}.Release|x86.Build.0 = Release|Any CPU
		{4586BF09-81CE-4AB0-B275-BF40430452FB}.Debug|Any CPU.ActiveCfg = Debug|Any CPU
		{4586BF09-81CE-4AB0-B275-BF40430452FB}.Debug|Any CPU.Build.0 = Debug|Any CPU
		{4586BF09-81CE-4AB0-B275-BF40430452FB}.Debug|x64.ActiveCfg = Debug|Any CPU
		{4586BF09-81CE-4AB0-B275-BF40430452FB}.Debug|x64.Build.0 = Debug|Any CPU
		{4586BF09-81CE-4AB0-B275-BF40430452FB}.Debug|x86.ActiveCfg = Debug|Any CPU
		{4586BF09-81CE-4AB0-B275-BF40430452FB}.Debug|x86.Build.0 = Debug|Any CPU
		{4586BF09-81CE-4AB0-B275-BF40430452FB}.Release|Any CPU.ActiveCfg = Release|Any CPU
		{4586BF09-81CE-4AB0-B275-BF40430452FB}.Release|Any CPU.Build.0 = Release|Any CPU
		{4586BF09-81CE-4AB0-B275-BF40430452FB}.Release|x64.ActiveCfg = Release|Any CPU
		{4586BF09-81CE-4AB0-B275-BF40430452FB}.Release|x64.Build.0 = Release|Any CPU
		{4586BF09-81CE-4AB0-B275-BF40430452FB}.Release|x86.ActiveCfg = Release|Any CPU
		{4586BF09-81CE-4AB0-B275-BF40430452FB}.Release|x86.Build.0 = Release|Any CPU
	EndGlobalSection
	GlobalSection(SolutionProperties) = preSolution
		HideSolutionNode = FALSE
	EndGlobalSection
	GlobalSection(NestedProjects) = preSolution
		{DC8A8200-0BF1-E164-B057-EED839B00FF3} = {6DEC22B6-AD2D-232C-15CA-2E29BFC0A760}
		{7394FDEF-DEF6-47AF-B271-338B461E4C44} = {DC8A8200-0BF1-E164-B057-EED839B00FF3}
		{95E165FC-1DA4-71EF-2A37-17F0D22F8E9B} = {6DEC22B6-AD2D-232C-15CA-2E29BFC0A760}
		{1D1BB733-9172-4ABC-A91E-6DD5CB48DCBF} = {95E165FC-1DA4-71EF-2A37-17F0D22F8E9B}
		{D14C3126-99A2-C67A-D0E5-1349910DA74E} = {6DEC22B6-AD2D-232C-15CA-2E29BFC0A760}
		{FD2B861A-C6D5-4E95-83DB-2E1893C082CA} = {D14C3126-99A2-C67A-D0E5-1349910DA74E}
		{90EA650C-76BD-53F4-2E94-5F26168E99AE} = {6DEC22B6-AD2D-232C-15CA-2E29BFC0A760}
		{9CDD6322-AD92-4A03-B91B-27EA0C26C9F7} = {90EA650C-76BD-53F4-2E94-5F26168E99AE}
		{2915EB76-77A3-A4BC-2D64-1D5D4F0B6ADF} = {65EFAC6D-19F9-8D55-5040-B8CC5FE95569}
		{89060B52-4F2F-495A-B9BC-5E402A179A5D} = {2915EB76-77A3-A4BC-2D64-1D5D4F0B6ADF}
		{A258827C-08E1-3054-AA67-2ED2C8381315} = {65EFAC6D-19F9-8D55-5040-B8CC5FE95569}
		{1029F6A3-6443-48FF-84EA-E60E7A5D696C} = {A258827C-08E1-3054-AA67-2ED2C8381315}
		{1045090B-9975-4EA9-D8DE-694182C32A8F} = {65EFAC6D-19F9-8D55-5040-B8CC5FE95569}
		{FAE57E0C-F590-48F9-9D30-D8FD17B507AC} = {1045090B-9975-4EA9-D8DE-694182C32A8F}
		{41BA70F0-AB31-FE8E-05ED-789B71110A58} = {65EFAC6D-19F9-8D55-5040-B8CC5FE95569}
		{4586BF09-81CE-4AB0-B275-BF40430452FB} = {41BA70F0-AB31-FE8E-05ED-789B71110A58}
	EndGlobalSection
EndGlobal
