
Microsoft Visual Studio Solution File, Format Version 12.00
# Visual Studio Version 17
VisualStudioVersion = 17.0.31903.59
MinimumVisualStudioVersion = 10.0.40219.1
Project("{2150E333-8FDC-42A3-9474-1A3956D46DE8}") = "Command", "Command", "{6DEC22B6-AD2D-232C-15CA-2E29BFC0A760}"
EndProject
Project("{2150E333-8FDC-42A3-9474-1A3956D46DE8}") = "Api", "Api", "{DC8A8200-0BF1-E164-B057-EED839B00FF3}"
EndProject
Project("{FAE04EC0-301F-11D3-BF4B-00C04F79EFBC}") = "ProfileService.Command.Api", "Command\Api\ProfileService.Command.Api.csproj", "{EB19C667-DCCB-44F2-8567-A508D9FBB5E4}"
EndProject
Project("{2150E333-8FDC-42A3-9474-1A3956D46DE8}") = "Application", "Application", "{95E165FC-1DA4-71EF-2A37-17F0D22F8E9B}"
EndProject
Project("{FAE04EC0-301F-11D3-BF4B-00C04F79EFBC}") = "ProfileService.Command.Application", "Command\Application\ProfileService.Command.Application.csproj", "{5CC9859D-CF23-4EA9-AA62-DF94086F5340}"
EndProject
Project("{2150E333-8FDC-42A3-9474-1A3956D46DE8}") = "Domain", "Domain", "{D14C3126-99A2-C67A-D0E5-1349910DA74E}"
EndProject
Project("{FAE04EC0-301F-11D3-BF4B-00C04F79EFBC}") = "ProfileService.Command.Domain", "Command\Domain\ProfileService.Command.Domain.csproj", "{D8D8885A-B3FD-4C2C-B788-0E531FB71D7C}"
EndProject
Project("{2150E333-8FDC-42A3-9474-1A3956D46DE8}") = "Infrastructure", "Infrastructure", "{90EA650C-76BD-53F4-2E94-5F26168E99AE}"
EndProject
Project("{FAE04EC0-301F-11D3-BF4B-00C04F79EFBC}") = "ProfileService.Command.Infrastructure", "Command\Infrastructure\ProfileService.Command.Infrastructure.csproj", "{AE84B046-EB94-42D8-9E67-CDCDC1AB6E52}"
EndProject
Project("{2150E333-8FDC-42A3-9474-1A3956D46DE8}") = "Query", "Query", "{65EFAC6D-19F9-8D55-5040-B8CC5FE95569}"
EndProject
Project("{2150E333-8FDC-42A3-9474-1A3956D46DE8}") = "Api", "Api", "{2915EB76-77A3-A4BC-2D64-1D5D4F0B6ADF}"
EndProject
Project("{FAE04EC0-301F-11D3-BF4B-00C04F79EFBC}") = "ProfileService.Query.Api", "Query\Api\ProfileService.Query.Api.csproj", "{FAD545FD-7E2D-4F66-A356-A895E029EC69}"
EndProject
Project("{2150E333-8FDC-42A3-9474-1A3956D46DE8}") = "Application", "Application", "{A258827C-08E1-3054-AA67-2ED2C8381315}"
EndProject
Project("{FAE04EC0-301F-11D3-BF4B-00C04F79EFBC}") = "ProfileService.Query.Application", "Query\Application\ProfileService.Query.Application.csproj", "{98FC9E40-7B89-44FD-9E0B-EC01D24C98BE}"
EndProject
Project("{2150E333-8FDC-42A3-9474-1A3956D46DE8}") = "Domain", "Domain", "{1045090B-9975-4EA9-D8DE-694182C32A8F}"
EndProject
Project("{FAE04EC0-301F-11D3-BF4B-00C04F79EFBC}") = "ProfileService.Query.Domain", "Query\Domain\ProfileService.Query.Domain.csproj", "{921DE10F-7FF9-4EDC-9783-1BA2474133C7}"
EndProject
Project("{2150E333-8FDC-42A3-9474-1A3956D46DE8}") = "Infrastructure", "Infrastructure", "{41BA70F0-AB31-FE8E-05ED-789B71110A58}"
EndProject
Project("{FAE04EC0-301F-11D3-BF4B-00C04F79EFBC}") = "ProfileService.Query.Infrastructure", "Query\Infrastructure\ProfileService.Query.Infrastructure.csproj", "{56578892-7E8C-47DB-8344-ED5361E9A84D}"
EndProject
Global
	GlobalSection(SolutionConfigurationPlatforms) = preSolution
		Debug|Any CPU = Debug|Any CPU
		Debug|x64 = Debug|x64
		Debug|x86 = Debug|x86
		Release|Any CPU = Release|Any CPU
		Release|x64 = Release|x64
		Release|x86 = Release|x86
	EndGlobalSection
	GlobalSection(ProjectConfigurationPlatforms) = postSolution
		{EB19C667-DCCB-44F2-8567-A508D9FBB5E4}.Debug|Any CPU.ActiveCfg = Debug|Any CPU
		{EB19C667-DCCB-44F2-8567-A508D9FBB5E4}.Debug|Any CPU.Build.0 = Debug|Any CPU
		{EB19C667-DCCB-44F2-8567-A508D9FBB5E4}.Debug|x64.ActiveCfg = Debug|Any CPU
		{EB19C667-DCCB-44F2-8567-A508D9FBB5E4}.Debug|x64.Build.0 = Debug|Any CPU
		{EB19C667-DCCB-44F2-8567-A508D9FBB5E4}.Debug|x86.ActiveCfg = Debug|Any CPU
		{EB19C667-DCCB-44F2-8567-A508D9FBB5E4}.Debug|x86.Build.0 = Debug|Any CPU
		{EB19C667-DCCB-44F2-8567-A508D9FBB5E4}.Release|Any CPU.ActiveCfg = Release|Any CPU
		{EB19C667-DCCB-44F2-8567-A508D9FBB5E4}.Release|Any CPU.Build.0 = Release|Any CPU
		{EB19C667-DCCB-44F2-8567-A508D9FBB5E4}.Release|x64.ActiveCfg = Release|Any CPU
		{EB19C667-DCCB-44F2-8567-A508D9FBB5E4}.Release|x64.Build.0 = Release|Any CPU
		{EB19C667-DCCB-44F2-8567-A508D9FBB5E4}.Release|x86.ActiveCfg = Release|Any CPU
		{EB19C667-DCCB-44F2-8567-A508D9FBB5E4}.Release|x86.Build.0 = Release|Any CPU
		{5CC9859D-CF23-4EA9-AA62-DF94086F5340}.Debug|Any CPU.ActiveCfg = Debug|Any CPU
		{5CC9859D-CF23-4EA9-AA62-DF94086F5340}.Debug|Any CPU.Build.0 = Debug|Any CPU
		{5CC9859D-CF23-4EA9-AA62-DF94086F5340}.Debug|x64.ActiveCfg = Debug|Any CPU
		{5CC9859D-CF23-4EA9-AA62-DF94086F5340}.Debug|x64.Build.0 = Debug|Any CPU
		{5CC9859D-CF23-4EA9-AA62-DF94086F5340}.Debug|x86.ActiveCfg = Debug|Any CPU
		{5CC9859D-CF23-4EA9-AA62-DF94086F5340}.Debug|x86.Build.0 = Debug|Any CPU
		{5CC9859D-CF23-4EA9-AA62-DF94086F5340}.Release|Any CPU.ActiveCfg = Release|Any CPU
		{5CC9859D-CF23-4EA9-AA62-DF94086F5340}.Release|Any CPU.Build.0 = Release|Any CPU
		{5CC9859D-CF23-4EA9-AA62-DF94086F5340}.Release|x64.ActiveCfg = Release|Any CPU
		{5CC9859D-CF23-4EA9-AA62-DF94086F5340}.Release|x64.Build.0 = Release|Any CPU
		{5CC9859D-CF23-4EA9-AA62-DF94086F5340}.Release|x86.ActiveCfg = Release|Any CPU
		{5CC9859D-CF23-4EA9-AA62-DF94086F5340}.Release|x86.Build.0 = Release|Any CPU
		{D8D8885A-B3FD-4C2C-B788-0E531FB71D7C}.Debug|Any CPU.ActiveCfg = Debug|Any CPU
		{D8D8885A-B3FD-4C2C-B788-0E531FB71D7C}.Debug|Any CPU.Build.0 = Debug|Any CPU
		{D8D8885A-B3FD-4C2C-B788-0E531FB71D7C}.Debug|x64.ActiveCfg = Debug|Any CPU
		{D8D8885A-B3FD-4C2C-B788-0E531FB71D7C}.Debug|x64.Build.0 = Debug|Any CPU
		{D8D8885A-B3FD-4C2C-B788-0E531FB71D7C}.Debug|x86.ActiveCfg = Debug|Any CPU
		{D8D8885A-B3FD-4C2C-B788-0E531FB71D7C}.Debug|x86.Build.0 = Debug|Any CPU
		{D8D8885A-B3FD-4C2C-B788-0E531FB71D7C}.Release|Any CPU.ActiveCfg = Release|Any CPU
		{D8D8885A-B3FD-4C2C-B788-0E531FB71D7C}.Release|Any CPU.Build.0 = Release|Any CPU
		{D8D8885A-B3FD-4C2C-B788-0E531FB71D7C}.Release|x64.ActiveCfg = Release|Any CPU
		{D8D8885A-B3FD-4C2C-B788-0E531FB71D7C}.Release|x64.Build.0 = Release|Any CPU
		{D8D8885A-B3FD-4C2C-B788-0E531FB71D7C}.Release|x86.ActiveCfg = Release|Any CPU
		{D8D8885A-B3FD-4C2C-B788-0E531FB71D7C}.Release|x86.Build.0 = Release|Any CPU
		{AE84B046-EB94-42D8-9E67-CDCDC1AB6E52}.Debug|Any CPU.ActiveCfg = Debug|Any CPU
		{AE84B046-EB94-42D8-9E67-CDCDC1AB6E52}.Debug|Any CPU.Build.0 = Debug|Any CPU
		{AE84B046-EB94-42D8-9E67-CDCDC1AB6E52}.Debug|x64.ActiveCfg = Debug|Any CPU
		{AE84B046-EB94-42D8-9E67-CDCDC1AB6E52}.Debug|x64.Build.0 = Debug|Any CPU
		{AE84B046-EB94-42D8-9E67-CDCDC1AB6E52}.Debug|x86.ActiveCfg = Debug|Any CPU
		{AE84B046-EB94-42D8-9E67-CDCDC1AB6E52}.Debug|x86.Build.0 = Debug|Any CPU
		{AE84B046-EB94-42D8-9E67-CDCDC1AB6E52}.Release|Any CPU.ActiveCfg = Release|Any CPU
		{AE84B046-EB94-42D8-9E67-CDCDC1AB6E52}.Release|Any CPU.Build.0 = Release|Any CPU
		{AE84B046-EB94-42D8-9E67-CDCDC1AB6E52}.Release|x64.ActiveCfg = Release|Any CPU
		{AE84B046-EB94-42D8-9E67-CDCDC1AB6E52}.Release|x64.Build.0 = Release|Any CPU
		{AE84B046-EB94-42D8-9E67-CDCDC1AB6E52}.Release|x86.ActiveCfg = Release|Any CPU
		{AE84B046-EB94-42D8-9E67-CDCDC1AB6E52}.Release|x86.Build.0 = Release|Any CPU
		{FAD545FD-7E2D-4F66-A356-A895E029EC69}.Debug|Any CPU.ActiveCfg = Debug|Any CPU
		{FAD545FD-7E2D-4F66-A356-A895E029EC69}.Debug|Any CPU.Build.0 = Debug|Any CPU
		{FAD545FD-7E2D-4F66-A356-A895E029EC69}.Debug|x64.ActiveCfg = Debug|Any CPU
		{FAD545FD-7E2D-4F66-A356-A895E029EC69}.Debug|x64.Build.0 = Debug|Any CPU
		{FAD545FD-7E2D-4F66-A356-A895E029EC69}.Debug|x86.ActiveCfg = Debug|Any CPU
		{FAD545FD-7E2D-4F66-A356-A895E029EC69}.Debug|x86.Build.0 = Debug|Any CPU
		{FAD545FD-7E2D-4F66-A356-A895E029EC69}.Release|Any CPU.ActiveCfg = Release|Any CPU
		{FAD545FD-7E2D-4F66-A356-A895E029EC69}.Release|Any CPU.Build.0 = Release|Any CPU
		{FAD545FD-7E2D-4F66-A356-A895E029EC69}.Release|x64.ActiveCfg = Release|Any CPU
		{FAD545FD-7E2D-4F66-A356-A895E029EC69}.Release|x64.Build.0 = Release|Any CPU
		{FAD545FD-7E2D-4F66-A356-A895E029EC69}.Release|x86.ActiveCfg = Release|Any CPU
		{FAD545FD-7E2D-4F66-A356-A895E029EC69}.Release|x86.Build.0 = Release|Any CPU
		{98FC9E40-7B89-44FD-9E0B-EC01D24C98BE}.Debug|Any CPU.ActiveCfg = Debug|Any CPU
		{98FC9E40-7B89-44FD-9E0B-EC01D24C98BE}.Debug|Any CPU.Build.0 = Debug|Any CPU
		{98FC9E40-7B89-44FD-9E0B-EC01D24C98BE}.Debug|x64.ActiveCfg = Debug|Any CPU
		{98FC9E40-7B89-44FD-9E0B-EC01D24C98BE}.Debug|x64.Build.0 = Debug|Any CPU
		{98FC9E40-7B89-44FD-9E0B-EC01D24C98BE}.Debug|x86.ActiveCfg = Debug|Any CPU
		{98FC9E40-7B89-44FD-9E0B-EC01D24C98BE}.Debug|x86.Build.0 = Debug|Any CPU
		{98FC9E40-7B89-44FD-9E0B-EC01D24C98BE}.Release|Any CPU.ActiveCfg = Release|Any CPU
		{98FC9E40-7B89-44FD-9E0B-EC01D24C98BE}.Release|Any CPU.Build.0 = Release|Any CPU
		{98FC9E40-7B89-44FD-9E0B-EC01D24C98BE}.Release|x64.ActiveCfg = Release|Any CPU
		{98FC9E40-7B89-44FD-9E0B-EC01D24C98BE}.Release|x64.Build.0 = Release|Any CPU
		{98FC9E40-7B89-44FD-9E0B-EC01D24C98BE}.Release|x86.ActiveCfg = Release|Any CPU
		{98FC9E40-7B89-44FD-9E0B-EC01D24C98BE}.Release|x86.Build.0 = Release|Any CPU
		{921DE10F-7FF9-4EDC-9783-1BA2474133C7}.Debug|Any CPU.ActiveCfg = Debug|Any CPU
		{921DE10F-7FF9-4EDC-9783-1BA2474133C7}.Debug|Any CPU.Build.0 = Debug|Any CPU
		{921DE10F-7FF9-4EDC-9783-1BA2474133C7}.Debug|x64.ActiveCfg = Debug|Any CPU
		{921DE10F-7FF9-4EDC-9783-1BA2474133C7}.Debug|x64.Build.0 = Debug|Any CPU
		{921DE10F-7FF9-4EDC-9783-1BA2474133C7}.Debug|x86.ActiveCfg = Debug|Any CPU
		{921DE10F-7FF9-4EDC-9783-1BA2474133C7}.Debug|x86.Build.0 = Debug|Any CPU
		{921DE10F-7FF9-4EDC-9783-1BA2474133C7}.Release|Any CPU.ActiveCfg = Release|Any CPU
		{921DE10F-7FF9-4EDC-9783-1BA2474133C7}.Release|Any CPU.Build.0 = Release|Any CPU
		{921DE10F-7FF9-4EDC-9783-1BA2474133C7}.Release|x64.ActiveCfg = Release|Any CPU
		{921DE10F-7FF9-4EDC-9783-1BA2474133C7}.Release|x64.Build.0 = Release|Any CPU
		{921DE10F-7FF9-4EDC-9783-1BA2474133C7}.Release|x86.ActiveCfg = Release|Any CPU
		{921DE10F-7FF9-4EDC-9783-1BA2474133C7}.Release|x86.Build.0 = Release|Any CPU
		{56578892-7E8C-47DB-8344-ED5361E9A84D}.Debug|Any CPU.ActiveCfg = Debug|Any CPU
		{56578892-7E8C-47DB-8344-ED5361E9A84D}.Debug|Any CPU.Build.0 = Debug|Any CPU
		{56578892-7E8C-47DB-8344-ED5361E9A84D}.Debug|x64.ActiveCfg = Debug|Any CPU
		{56578892-7E8C-47DB-8344-ED5361E9A84D}.Debug|x64.Build.0 = Debug|Any CPU
		{56578892-7E8C-47DB-8344-ED5361E9A84D}.Debug|x86.ActiveCfg = Debug|Any CPU
		{56578892-7E8C-47DB-8344-ED5361E9A84D}.Debug|x86.Build.0 = Debug|Any CPU
		{56578892-7E8C-47DB-8344-ED5361E9A84D}.Release|Any CPU.ActiveCfg = Release|Any CPU
		{56578892-7E8C-47DB-8344-ED5361E9A84D}.Release|Any CPU.Build.0 = Release|Any CPU
		{56578892-7E8C-47DB-8344-ED5361E9A84D}.Release|x64.ActiveCfg = Release|Any CPU
		{56578892-7E8C-47DB-8344-ED5361E9A84D}.Release|x64.Build.0 = Release|Any CPU
		{56578892-7E8C-47DB-8344-ED5361E9A84D}.Release|x86.ActiveCfg = Release|Any CPU
		{56578892-7E8C-47DB-8344-ED5361E9A84D}.Release|x86.Build.0 = Release|Any CPU
	EndGlobalSection
	GlobalSection(SolutionProperties) = preSolution
		HideSolutionNode = FALSE
	EndGlobalSection
	GlobalSection(NestedProjects) = preSolution
		{DC8A8200-0BF1-E164-B057-EED839B00FF3} = {6DEC22B6-AD2D-232C-15CA-2E29BFC0A760}
		{EB19C667-DCCB-44F2-8567-A508D9FBB5E4} = {DC8A8200-0BF1-E164-B057-EED839B00FF3}
		{95E165FC-1DA4-71EF-2A37-17F0D22F8E9B} = {6DEC22B6-AD2D-232C-15CA-2E29BFC0A760}
		{5CC9859D-CF23-4EA9-AA62-DF94086F5340} = {95E165FC-1DA4-71EF-2A37-17F0D22F8E9B}
		{D14C3126-99A2-C67A-D0E5-1349910DA74E} = {6DEC22B6-AD2D-232C-15CA-2E29BFC0A760}
		{D8D8885A-B3FD-4C2C-B788-0E531FB71D7C} = {D14C3126-99A2-C67A-D0E5-1349910DA74E}
		{90EA650C-76BD-53F4-2E94-5F26168E99AE} = {6DEC22B6-AD2D-232C-15CA-2E29BFC0A760}
		{AE84B046-EB94-42D8-9E67-CDCDC1AB6E52} = {90EA650C-76BD-53F4-2E94-5F26168E99AE}
		{2915EB76-77A3-A4BC-2D64-1D5D4F0B6ADF} = {65EFAC6D-19F9-8D55-5040-B8CC5FE95569}
		{FAD545FD-7E2D-4F66-A356-A895E029EC69} = {2915EB76-77A3-A4BC-2D64-1D5D4F0B6ADF}
		{A258827C-08E1-3054-AA67-2ED2C8381315} = {65EFAC6D-19F9-8D55-5040-B8CC5FE95569}
		{98FC9E40-7B89-44FD-9E0B-EC01D24C98BE} = {A258827C-08E1-3054-AA67-2ED2C8381315}
		{1045090B-9975-4EA9-D8DE-694182C32A8F} = {65EFAC6D-19F9-8D55-5040-B8CC5FE95569}
		{921DE10F-7FF9-4EDC-9783-1BA2474133C7} = {1045090B-9975-4EA9-D8DE-694182C32A8F}
		{41BA70F0-AB31-FE8E-05ED-789B71110A58} = {65EFAC6D-19F9-8D55-5040-B8CC5FE95569}
		{56578892-7E8C-47DB-8344-ED5361E9A84D} = {41BA70F0-AB31-FE8E-05ED-789B71110A58}
	EndGlobalSection
EndGlobal
