
Microsoft Visual Studio Solution File, Format Version 12.00
# Visual Studio Version 17
VisualStudioVersion = 17.0.31903.59
MinimumVisualStudioVersion = 10.0.40219.1
Project("{2150E333-8FDC-42A3-9474-1A3956D46DE8}") = "Command", "Command", "{6DEC22B6-AD2D-232C-15CA-2E29BFC0A760}"
EndProject
Project("{FAE04EC0-301F-11D3-BF4B-00C04F79EFBC}") = "Api", "Command\Api\Api.csproj", "{17A941D4-A134-4B75-9557-6ED164EDF7A0}"
EndProject
Project("{FAE04EC0-301F-11D3-BF4B-00C04F79EFBC}") = "Application", "Command\Application\Application.csproj", "{0A0B6994-0C35-4AA7-8D73-08804F692A57}"
EndProject
Project("{FAE04EC0-301F-11D3-BF4B-00C04F79EFBC}") = "Domain", "Command\Domain\Domain.csproj", "{12C96CEC-60D2-41AD-907C-6A5CA2AC8221}"
EndProject
Project("{FAE04EC0-301F-11D3-BF4B-00C04F79EFBC}") = "Infrastructure", "Command\Infrastructure\Infrastructure.csproj", "{C6000BB3-EB23-46B5-B53A-10CB4ACA528A}"
EndProject
Project("{2150E333-8FDC-42A3-9474-1A3956D46DE8}") = "Query", "Query", "{65EFAC6D-19F9-8D55-5040-B8CC5FE95569}"
EndProject
Project("{FAE04EC0-301F-11D3-BF4B-00C04F79EFBC}") = "Api", "Query\Api\Api.csproj", "{54CBF013-5F81-4B20-BB90-B99C78A453AE}"
EndProject
Project("{FAE04EC0-301F-11D3-BF4B-00C04F79EFBC}") = "Application", "Query\Application\Application.csproj", "{C223EEE9-8378-4E4E-9B4C-8D165052F817}"
EndProject
Project("{FAE04EC0-301F-11D3-BF4B-00C04F79EFBC}") = "Domain", "Query\Domain\Domain.csproj", "{40F79739-9EBD-497D-9872-0D61691F3EC5}"
EndProject
Project("{FAE04EC0-301F-11D3-BF4B-00C04F79EFBC}") = "Infrastructure", "Query\Infrastructure\Infrastructure.csproj", "{64A116E8-EB68-4E4C-9642-5AD5B16B8E79}"
EndProject
Global
	GlobalSection(SolutionConfigurationPlatforms) = preSolution
		Debug|Any CPU = Debug|Any CPU
		Debug|x64 = Debug|x64
		Debug|x86 = Debug|x86
		Release|Any CPU = Release|Any CPU
		Release|x64 = Release|x64
		Release|x86 = Release|x86
	EndGlobalSection
	GlobalSection(ProjectConfigurationPlatforms) = postSolution
		{17A941D4-A134-4B75-9557-6ED164EDF7A0}.Debug|Any CPU.ActiveCfg = Debug|Any CPU
		{17A941D4-A134-4B75-9557-6ED164EDF7A0}.Debug|Any CPU.Build.0 = Debug|Any CPU
		{17A941D4-A134-4B75-9557-6ED164EDF7A0}.Debug|x64.ActiveCfg = Debug|Any CPU
		{17A941D4-A134-4B75-9557-6ED164EDF7A0}.Debug|x64.Build.0 = Debug|Any CPU
		{17A941D4-A134-4B75-9557-6ED164EDF7A0}.Debug|x86.ActiveCfg = Debug|Any CPU
		{17A941D4-A134-4B75-9557-6ED164EDF7A0}.Debug|x86.Build.0 = Debug|Any CPU
		{17A941D4-A134-4B75-9557-6ED164EDF7A0}.Release|Any CPU.ActiveCfg = Release|Any CPU
		{17A941D4-A134-4B75-9557-6ED164EDF7A0}.Release|Any CPU.Build.0 = Release|Any CPU
		{17A941D4-A134-4B75-9557-6ED164EDF7A0}.Release|x64.ActiveCfg = Release|Any CPU
		{17A941D4-A134-4B75-9557-6ED164EDF7A0}.Release|x64.Build.0 = Release|Any CPU
		{17A941D4-A134-4B75-9557-6ED164EDF7A0}.Release|x86.ActiveCfg = Release|Any CPU
		{17A941D4-A134-4B75-9557-6ED164EDF7A0}.Release|x86.Build.0 = Release|Any CPU
		{0A0B6994-0C35-4AA7-8D73-08804F692A57}.Debug|Any CPU.ActiveCfg = Debug|Any CPU
		{0A0B6994-0C35-4AA7-8D73-08804F692A57}.Debug|Any CPU.Build.0 = Debug|Any CPU
		{0A0B6994-0C35-4AA7-8D73-08804F692A57}.Debug|x64.ActiveCfg = Debug|Any CPU
		{0A0B6994-0C35-4AA7-8D73-08804F692A57}.Debug|x64.Build.0 = Debug|Any CPU
		{0A0B6994-0C35-4AA7-8D73-08804F692A57}.Debug|x86.ActiveCfg = Debug|Any CPU
		{0A0B6994-0C35-4AA7-8D73-08804F692A57}.Debug|x86.Build.0 = Debug|Any CPU
		{0A0B6994-0C35-4AA7-8D73-08804F692A57}.Release|Any CPU.ActiveCfg = Release|Any CPU
		{0A0B6994-0C35-4AA7-8D73-08804F692A57}.Release|Any CPU.Build.0 = Release|Any CPU
		{0A0B6994-0C35-4AA7-8D73-08804F692A57}.Release|x64.ActiveCfg = Release|Any CPU
		{0A0B6994-0C35-4AA7-8D73-08804F692A57}.Release|x64.Build.0 = Release|Any CPU
		{0A0B6994-0C35-4AA7-8D73-08804F692A57}.Release|x86.ActiveCfg = Release|Any CPU
		{0A0B6994-0C35-4AA7-8D73-08804F692A57}.Release|x86.Build.0 = Release|Any CPU
		{12C96CEC-60D2-41AD-907C-6A5CA2AC8221}.Debug|Any CPU.ActiveCfg = Debug|Any CPU
		{12C96CEC-60D2-41AD-907C-6A5CA2AC8221}.Debug|Any CPU.Build.0 = Debug|Any CPU
		{12C96CEC-60D2-41AD-907C-6A5CA2AC8221}.Debug|x64.ActiveCfg = Debug|Any CPU
		{12C96CEC-60D2-41AD-907C-6A5CA2AC8221}.Debug|x64.Build.0 = Debug|Any CPU
		{12C96CEC-60D2-41AD-907C-6A5CA2AC8221}.Debug|x86.ActiveCfg = Debug|Any CPU
		{12C96CEC-60D2-41AD-907C-6A5CA2AC8221}.Debug|x86.Build.0 = Debug|Any CPU
		{12C96CEC-60D2-41AD-907C-6A5CA2AC8221}.Release|Any CPU.ActiveCfg = Release|Any CPU
		{12C96CEC-60D2-41AD-907C-6A5CA2AC8221}.Release|Any CPU.Build.0 = Release|Any CPU
		{12C96CEC-60D2-41AD-907C-6A5CA2AC8221}.Release|x64.ActiveCfg = Release|Any CPU
		{12C96CEC-60D2-41AD-907C-6A5CA2AC8221}.Release|x64.Build.0 = Release|Any CPU
		{12C96CEC-60D2-41AD-907C-6A5CA2AC8221}.Release|x86.ActiveCfg = Release|Any CPU
		{12C96CEC-60D2-41AD-907C-6A5CA2AC8221}.Release|x86.Build.0 = Release|Any CPU
		{C6000BB3-EB23-46B5-B53A-10CB4ACA528A}.Debug|Any CPU.ActiveCfg = Debug|Any CPU
		{C6000BB3-EB23-46B5-B53A-10CB4ACA528A}.Debug|Any CPU.Build.0 = Debug|Any CPU
		{C6000BB3-EB23-46B5-B53A-10CB4ACA528A}.Debug|x64.ActiveCfg = Debug|Any CPU
		{C6000BB3-EB23-46B5-B53A-10CB4ACA528A}.Debug|x64.Build.0 = Debug|Any CPU
		{C6000BB3-EB23-46B5-B53A-10CB4ACA528A}.Debug|x86.ActiveCfg = Debug|Any CPU
		{C6000BB3-EB23-46B5-B53A-10CB4ACA528A}.Debug|x86.Build.0 = Debug|Any CPU
		{C6000BB3-EB23-46B5-B53A-10CB4ACA528A}.Release|Any CPU.ActiveCfg = Release|Any CPU
		{C6000BB3-EB23-46B5-B53A-10CB4ACA528A}.Release|Any CPU.Build.0 = Release|Any CPU
		{C6000BB3-EB23-46B5-B53A-10CB4ACA528A}.Release|x64.ActiveCfg = Release|Any CPU
		{C6000BB3-EB23-46B5-B53A-10CB4ACA528A}.Release|x64.Build.0 = Release|Any CPU
		{C6000BB3-EB23-46B5-B53A-10CB4ACA528A}.Release|x86.ActiveCfg = Release|Any CPU
		{C6000BB3-EB23-46B5-B53A-10CB4ACA528A}.Release|x86.Build.0 = Release|Any CPU
		{54CBF013-5F81-4B20-BB90-B99C78A453AE}.Debug|Any CPU.ActiveCfg = Debug|Any CPU
		{54CBF013-5F81-4B20-BB90-B99C78A453AE}.Debug|Any CPU.Build.0 = Debug|Any CPU
		{54CBF013-5F81-4B20-BB90-B99C78A453AE}.Debug|x64.ActiveCfg = Debug|Any CPU
		{54CBF013-5F81-4B20-BB90-B99C78A453AE}.Debug|x64.Build.0 = Debug|Any CPU
		{54CBF013-5F81-4B20-BB90-B99C78A453AE}.Debug|x86.ActiveCfg = Debug|Any CPU
		{54CBF013-5F81-4B20-BB90-B99C78A453AE}.Debug|x86.Build.0 = Debug|Any CPU
		{54CBF013-5F81-4B20-BB90-B99C78A453AE}.Release|Any CPU.ActiveCfg = Release|Any CPU
		{54CBF013-5F81-4B20-BB90-B99C78A453AE}.Release|Any CPU.Build.0 = Release|Any CPU
		{54CBF013-5F81-4B20-BB90-B99C78A453AE}.Release|x64.ActiveCfg = Release|Any CPU
		{54CBF013-5F81-4B20-BB90-B99C78A453AE}.Release|x64.Build.0 = Release|Any CPU
		{54CBF013-5F81-4B20-BB90-B99C78A453AE}.Release|x86.ActiveCfg = Release|Any CPU
		{54CBF013-5F81-4B20-BB90-B99C78A453AE}.Release|x86.Build.0 = Release|Any CPU
		{C223EEE9-8378-4E4E-9B4C-8D165052F817}.Debug|Any CPU.ActiveCfg = Debug|Any CPU
		{C223EEE9-8378-4E4E-9B4C-8D165052F817}.Debug|Any CPU.Build.0 = Debug|Any CPU
		{C223EEE9-8378-4E4E-9B4C-8D165052F817}.Debug|x64.ActiveCfg = Debug|Any CPU
		{C223EEE9-8378-4E4E-9B4C-8D165052F817}.Debug|x64.Build.0 = Debug|Any CPU
		{C223EEE9-8378-4E4E-9B4C-8D165052F817}.Debug|x86.ActiveCfg = Debug|Any CPU
		{C223EEE9-8378-4E4E-9B4C-8D165052F817}.Debug|x86.Build.0 = Debug|Any CPU
		{C223EEE9-8378-4E4E-9B4C-8D165052F817}.Release|Any CPU.ActiveCfg = Release|Any CPU
		{C223EEE9-8378-4E4E-9B4C-8D165052F817}.Release|Any CPU.Build.0 = Release|Any CPU
		{C223EEE9-8378-4E4E-9B4C-8D165052F817}.Release|x64.ActiveCfg = Release|Any CPU
		{C223EEE9-8378-4E4E-9B4C-8D165052F817}.Release|x64.Build.0 = Release|Any CPU
		{C223EEE9-8378-4E4E-9B4C-8D165052F817}.Release|x86.ActiveCfg = Release|Any CPU
		{C223EEE9-8378-4E4E-9B4C-8D165052F817}.Release|x86.Build.0 = Release|Any CPU
		{40F79739-9EBD-497D-9872-0D61691F3EC5}.Debug|Any CPU.ActiveCfg = Debug|Any CPU
		{40F79739-9EBD-497D-9872-0D61691F3EC5}.Debug|Any CPU.Build.0 = Debug|Any CPU
		{40F79739-9EBD-497D-9872-0D61691F3EC5}.Debug|x64.ActiveCfg = Debug|Any CPU
		{40F79739-9EBD-497D-9872-0D61691F3EC5}.Debug|x64.Build.0 = Debug|Any CPU
		{40F79739-9EBD-497D-9872-0D61691F3EC5}.Debug|x86.ActiveCfg = Debug|Any CPU
		{40F79739-9EBD-497D-9872-0D61691F3EC5}.Debug|x86.Build.0 = Debug|Any CPU
		{40F79739-9EBD-497D-9872-0D61691F3EC5}.Release|Any CPU.ActiveCfg = Release|Any CPU
		{40F79739-9EBD-497D-9872-0D61691F3EC5}.Release|Any CPU.Build.0 = Release|Any CPU
		{40F79739-9EBD-497D-9872-0D61691F3EC5}.Release|x64.ActiveCfg = Release|Any CPU
		{40F79739-9EBD-497D-9872-0D61691F3EC5}.Release|x64.Build.0 = Release|Any CPU
		{40F79739-9EBD-497D-9872-0D61691F3EC5}.Release|x86.ActiveCfg = Release|Any CPU
		{40F79739-9EBD-497D-9872-0D61691F3EC5}.Release|x86.Build.0 = Release|Any CPU
		{64A116E8-EB68-4E4C-9642-5AD5B16B8E79}.Debug|Any CPU.ActiveCfg = Debug|Any CPU
		{64A116E8-EB68-4E4C-9642-5AD5B16B8E79}.Debug|Any CPU.Build.0 = Debug|Any CPU
		{64A116E8-EB68-4E4C-9642-5AD5B16B8E79}.Debug|x64.ActiveCfg = Debug|Any CPU
		{64A116E8-EB68-4E4C-9642-5AD5B16B8E79}.Debug|x64.Build.0 = Debug|Any CPU
		{64A116E8-EB68-4E4C-9642-5AD5B16B8E79}.Debug|x86.ActiveCfg = Debug|Any CPU
		{64A116E8-EB68-4E4C-9642-5AD5B16B8E79}.Debug|x86.Build.0 = Debug|Any CPU
		{64A116E8-EB68-4E4C-9642-5AD5B16B8E79}.Release|Any CPU.ActiveCfg = Release|Any CPU
		{64A116E8-EB68-4E4C-9642-5AD5B16B8E79}.Release|Any CPU.Build.0 = Release|Any CPU
		{64A116E8-EB68-4E4C-9642-5AD5B16B8E79}.Release|x64.ActiveCfg = Release|Any CPU
		{64A116E8-EB68-4E4C-9642-5AD5B16B8E79}.Release|x64.Build.0 = Release|Any CPU
		{64A116E8-EB68-4E4C-9642-5AD5B16B8E79}.Release|x86.ActiveCfg = Release|Any CPU
		{64A116E8-EB68-4E4C-9642-5AD5B16B8E79}.Release|x86.Build.0 = Release|Any CPU
	EndGlobalSection
	GlobalSection(SolutionProperties) = preSolution
		HideSolutionNode = FALSE
	EndGlobalSection
	GlobalSection(NestedProjects) = preSolution
		{17A941D4-A134-4B75-9557-6ED164EDF7A0} = {6DEC22B6-AD2D-232C-15CA-2E29BFC0A760}
		{0A0B6994-0C35-4AA7-8D73-08804F692A57} = {6DEC22B6-AD2D-232C-15CA-2E29BFC0A760}
		{12C96CEC-60D2-41AD-907C-6A5CA2AC8221} = {6DEC22B6-AD2D-232C-15CA-2E29BFC0A760}
		{C6000BB3-EB23-46B5-B53A-10CB4ACA528A} = {6DEC22B6-AD2D-232C-15CA-2E29BFC0A760}
		{54CBF013-5F81-4B20-BB90-B99C78A453AE} = {65EFAC6D-19F9-8D55-5040-B8CC5FE95569}
		{C223EEE9-8378-4E4E-9B4C-8D165052F817} = {65EFAC6D-19F9-8D55-5040-B8CC5FE95569}
		{40F79739-9EBD-497D-9872-0D61691F3EC5} = {65EFAC6D-19F9-8D55-5040-B8CC5FE95569}
		{64A116E8-EB68-4E4C-9642-5AD5B16B8E79} = {65EFAC6D-19F9-8D55-5040-B8CC5FE95569}
	EndGlobalSection
EndGlobal
