
Microsoft Visual Studio Solution File, Format Version 12.00
# Visual Studio Version 17
VisualStudioVersion = 17.0.31903.59
MinimumVisualStudioVersion = 10.0.40219.1
Project("{2150E333-8FDC-42A3-9474-1A3956D46DE8}") = "Command", "Command", "{6DEC22B6-AD2D-232C-15CA-2E29BFC0A760}"
EndProject
Project("{2150E333-8FDC-42A3-9474-1A3956D46DE8}") = "Api", "Api", "{DC8A8200-0BF1-E164-B057-EED839B00FF3}"
EndProject
Project("{FAE04EC0-301F-11D3-BF4B-00C04F79EFBC}") = "AccountService.Command.Api", "Command\Api\AccountService.Command.Api.csproj", "{D9A9D3B6-2BBD-44F8-971A-9E31A645F3CE}"
EndProject
Project("{2150E333-8FDC-42A3-9474-1A3956D46DE8}") = "Application", "Application", "{95E165FC-1DA4-71EF-2A37-17F0D22F8E9B}"
EndProject
Project("{FAE04EC0-301F-11D3-BF4B-00C04F79EFBC}") = "AccountService.Command.Application", "Command\Application\AccountService.Command.Application.csproj", "{BC5E7072-AE2F-4487-A112-6A2AD0496F01}"
EndProject
Project("{2150E333-8FDC-42A3-9474-1A3956D46DE8}") = "Domain", "Domain", "{D14C3126-99A2-C67A-D0E5-1349910DA74E}"
EndProject
Project("{FAE04EC0-301F-11D3-BF4B-00C04F79EFBC}") = "AccountService.Command.Domain", "Command\Domain\AccountService.Command.Domain.csproj", "{C49AC6B4-35B3-40CD-8C35-4A2C41CBCB15}"
EndProject
Project("{2150E333-8FDC-42A3-9474-1A3956D46DE8}") = "Infrastructure", "Infrastructure", "{90EA650C-76BD-53F4-2E94-5F26168E99AE}"
EndProject
Project("{FAE04EC0-301F-11D3-BF4B-00C04F79EFBC}") = "AccountService.Command.Infrastructure", "Command\Infrastructure\AccountService.Command.Infrastructure.csproj", "{4F42134B-2D2E-452B-978A-9C764C400874}"
EndProject
Project("{2150E333-8FDC-42A3-9474-1A3956D46DE8}") = "Query", "Query", "{65EFAC6D-19F9-8D55-5040-B8CC5FE95569}"
EndProject
Project("{2150E333-8FDC-42A3-9474-1A3956D46DE8}") = "Api", "Api", "{2915EB76-77A3-A4BC-2D64-1D5D4F0B6ADF}"
EndProject
Project("{FAE04EC0-301F-11D3-BF4B-00C04F79EFBC}") = "AccountService.Query.Api", "Query\Api\AccountService.Query.Api.csproj", "{A5D956F7-B689-4896-80C3-BDA989F26C96}"
EndProject
Project("{2150E333-8FDC-42A3-9474-1A3956D46DE8}") = "Application", "Application", "{A258827C-08E1-3054-AA67-2ED2C8381315}"
EndProject
Project("{FAE04EC0-301F-11D3-BF4B-00C04F79EFBC}") = "AccountService.Query.Application", "Query\Application\AccountService.Query.Application.csproj", "{A6CE7A14-EEE1-4A3F-AE1F-51983DB142C2}"
EndProject
Project("{2150E333-8FDC-42A3-9474-1A3956D46DE8}") = "Domain", "Domain", "{1045090B-9975-4EA9-D8DE-694182C32A8F}"
EndProject
Project("{FAE04EC0-301F-11D3-BF4B-00C04F79EFBC}") = "AccountService.Query.Domain", "Query\Domain\AccountService.Query.Domain.csproj", "{811FE503-C0BD-498A-907C-F464DF284327}"
EndProject
Project("{2150E333-8FDC-42A3-9474-1A3956D46DE8}") = "Infrastructure", "Infrastructure", "{41BA70F0-AB31-FE8E-05ED-789B71110A58}"
EndProject
Project("{FAE04EC0-301F-11D3-BF4B-00C04F79EFBC}") = "AccountService.Query.Infrastructure", "Query\Infrastructure\AccountService.Query.Infrastructure.csproj", "{FCD88D9B-319A-42F0-B201-8FECF45A80DC}"
EndProject
Global
	GlobalSection(SolutionConfigurationPlatforms) = preSolution
		Debug|Any CPU = Debug|Any CPU
		Debug|x64 = Debug|x64
		Debug|x86 = Debug|x86
		Release|Any CPU = Release|Any CPU
		Release|x64 = Release|x64
		Release|x86 = Release|x86
	EndGlobalSection
	GlobalSection(ProjectConfigurationPlatforms) = postSolution
		{D9A9D3B6-2BBD-44F8-971A-9E31A645F3CE}.Debug|Any CPU.ActiveCfg = Debug|Any CPU
		{D9A9D3B6-2BBD-44F8-971A-9E31A645F3CE}.Debug|Any CPU.Build.0 = Debug|Any CPU
		{D9A9D3B6-2BBD-44F8-971A-9E31A645F3CE}.Debug|x64.ActiveCfg = Debug|Any CPU
		{D9A9D3B6-2BBD-44F8-971A-9E31A645F3CE}.Debug|x64.Build.0 = Debug|Any CPU
		{D9A9D3B6-2BBD-44F8-971A-9E31A645F3CE}.Debug|x86.ActiveCfg = Debug|Any CPU
		{D9A9D3B6-2BBD-44F8-971A-9E31A645F3CE}.Debug|x86.Build.0 = Debug|Any CPU
		{D9A9D3B6-2BBD-44F8-971A-9E31A645F3CE}.Release|Any CPU.ActiveCfg = Release|Any CPU
		{D9A9D3B6-2BBD-44F8-971A-9E31A645F3CE}.Release|Any CPU.Build.0 = Release|Any CPU
		{D9A9D3B6-2BBD-44F8-971A-9E31A645F3CE}.Release|x64.ActiveCfg = Release|Any CPU
		{D9A9D3B6-2BBD-44F8-971A-9E31A645F3CE}.Release|x64.Build.0 = Release|Any CPU
		{D9A9D3B6-2BBD-44F8-971A-9E31A645F3CE}.Release|x86.ActiveCfg = Release|Any CPU
		{D9A9D3B6-2BBD-44F8-971A-9E31A645F3CE}.Release|x86.Build.0 = Release|Any CPU
		{BC5E7072-AE2F-4487-A112-6A2AD0496F01}.Debug|Any CPU.ActiveCfg = Debug|Any CPU
		{BC5E7072-AE2F-4487-A112-6A2AD0496F01}.Debug|Any CPU.Build.0 = Debug|Any CPU
		{BC5E7072-AE2F-4487-A112-6A2AD0496F01}.Debug|x64.ActiveCfg = Debug|Any CPU
		{BC5E7072-AE2F-4487-A112-6A2AD0496F01}.Debug|x64.Build.0 = Debug|Any CPU
		{BC5E7072-AE2F-4487-A112-6A2AD0496F01}.Debug|x86.ActiveCfg = Debug|Any CPU
		{BC5E7072-AE2F-4487-A112-6A2AD0496F01}.Debug|x86.Build.0 = Debug|Any CPU
		{BC5E7072-AE2F-4487-A112-6A2AD0496F01}.Release|Any CPU.ActiveCfg = Release|Any CPU
		{BC5E7072-AE2F-4487-A112-6A2AD0496F01}.Release|Any CPU.Build.0 = Release|Any CPU
		{BC5E7072-AE2F-4487-A112-6A2AD0496F01}.Release|x64.ActiveCfg = Release|Any CPU
		{BC5E7072-AE2F-4487-A112-6A2AD0496F01}.Release|x64.Build.0 = Release|Any CPU
		{BC5E7072-AE2F-4487-A112-6A2AD0496F01}.Release|x86.ActiveCfg = Release|Any CPU
		{BC5E7072-AE2F-4487-A112-6A2AD0496F01}.Release|x86.Build.0 = Release|Any CPU
		{C49AC6B4-35B3-40CD-8C35-4A2C41CBCB15}.Debug|Any CPU.ActiveCfg = Debug|Any CPU
		{C49AC6B4-35B3-40CD-8C35-4A2C41CBCB15}.Debug|Any CPU.Build.0 = Debug|Any CPU
		{C49AC6B4-35B3-40CD-8C35-4A2C41CBCB15}.Debug|x64.ActiveCfg = Debug|Any CPU
		{C49AC6B4-35B3-40CD-8C35-4A2C41CBCB15}.Debug|x64.Build.0 = Debug|Any CPU
		{C49AC6B4-35B3-40CD-8C35-4A2C41CBCB15}.Debug|x86.ActiveCfg = Debug|Any CPU
		{C49AC6B4-35B3-40CD-8C35-4A2C41CBCB15}.Debug|x86.Build.0 = Debug|Any CPU
		{C49AC6B4-35B3-40CD-8C35-4A2C41CBCB15}.Release|Any CPU.ActiveCfg = Release|Any CPU
		{C49AC6B4-35B3-40CD-8C35-4A2C41CBCB15}.Release|Any CPU.Build.0 = Release|Any CPU
		{C49AC6B4-35B3-40CD-8C35-4A2C41CBCB15}.Release|x64.ActiveCfg = Release|Any CPU
		{C49AC6B4-35B3-40CD-8C35-4A2C41CBCB15}.Release|x64.Build.0 = Release|Any CPU
		{C49AC6B4-35B3-40CD-8C35-4A2C41CBCB15}.Release|x86.ActiveCfg = Release|Any CPU
		{C49AC6B4-35B3-40CD-8C35-4A2C41CBCB15}.Release|x86.Build.0 = Release|Any CPU
		{4F42134B-2D2E-452B-978A-9C764C400874}.Debug|Any CPU.ActiveCfg = Debug|Any CPU
		{4F42134B-2D2E-452B-978A-9C764C400874}.Debug|Any CPU.Build.0 = Debug|Any CPU
		{4F42134B-2D2E-452B-978A-9C764C400874}.Debug|x64.ActiveCfg = Debug|Any CPU
		{4F42134B-2D2E-452B-978A-9C764C400874}.Debug|x64.Build.0 = Debug|Any CPU
		{4F42134B-2D2E-452B-978A-9C764C400874}.Debug|x86.ActiveCfg = Debug|Any CPU
		{4F42134B-2D2E-452B-978A-9C764C400874}.Debug|x86.Build.0 = Debug|Any CPU
		{4F42134B-2D2E-452B-978A-9C764C400874}.Release|Any CPU.ActiveCfg = Release|Any CPU
		{4F42134B-2D2E-452B-978A-9C764C400874}.Release|Any CPU.Build.0 = Release|Any CPU
		{4F42134B-2D2E-452B-978A-9C764C400874}.Release|x64.ActiveCfg = Release|Any CPU
		{4F42134B-2D2E-452B-978A-9C764C400874}.Release|x64.Build.0 = Release|Any CPU
		{4F42134B-2D2E-452B-978A-9C764C400874}.Release|x86.ActiveCfg = Release|Any CPU
		{4F42134B-2D2E-452B-978A-9C764C400874}.Release|x86.Build.0 = Release|Any CPU
		{A5D956F7-B689-4896-80C3-BDA989F26C96}.Debug|Any CPU.ActiveCfg = Debug|Any CPU
		{A5D956F7-B689-4896-80C3-BDA989F26C96}.Debug|Any CPU.Build.0 = Debug|Any CPU
		{A5D956F7-B689-4896-80C3-BDA989F26C96}.Debug|x64.ActiveCfg = Debug|Any CPU
		{A5D956F7-B689-4896-80C3-BDA989F26C96}.Debug|x64.Build.0 = Debug|Any CPU
		{A5D956F7-B689-4896-80C3-BDA989F26C96}.Debug|x86.ActiveCfg = Debug|Any CPU
		{A5D956F7-B689-4896-80C3-BDA989F26C96}.Debug|x86.Build.0 = Debug|Any CPU
		{A5D956F7-B689-4896-80C3-BDA989F26C96}.Release|Any CPU.ActiveCfg = Release|Any CPU
		{A5D956F7-B689-4896-80C3-BDA989F26C96}.Release|Any CPU.Build.0 = Release|Any CPU
		{A5D956F7-B689-4896-80C3-BDA989F26C96}.Release|x64.ActiveCfg = Release|Any CPU
		{A5D956F7-B689-4896-80C3-BDA989F26C96}.Release|x64.Build.0 = Release|Any CPU
		{A5D956F7-B689-4896-80C3-BDA989F26C96}.Release|x86.ActiveCfg = Release|Any CPU
		{A5D956F7-B689-4896-80C3-BDA989F26C96}.Release|x86.Build.0 = Release|Any CPU
		{A6CE7A14-EEE1-4A3F-AE1F-51983DB142C2}.Debug|Any CPU.ActiveCfg = Debug|Any CPU
		{A6CE7A14-EEE1-4A3F-AE1F-51983DB142C2}.Debug|Any CPU.Build.0 = Debug|Any CPU
		{A6CE7A14-EEE1-4A3F-AE1F-51983DB142C2}.Debug|x64.ActiveCfg = Debug|Any CPU
		{A6CE7A14-EEE1-4A3F-AE1F-51983DB142C2}.Debug|x64.Build.0 = Debug|Any CPU
		{A6CE7A14-EEE1-4A3F-AE1F-51983DB142C2}.Debug|x86.ActiveCfg = Debug|Any CPU
		{A6CE7A14-EEE1-4A3F-AE1F-51983DB142C2}.Debug|x86.Build.0 = Debug|Any CPU
		{A6CE7A14-EEE1-4A3F-AE1F-51983DB142C2}.Release|Any CPU.ActiveCfg = Release|Any CPU
		{A6CE7A14-EEE1-4A3F-AE1F-51983DB142C2}.Release|Any CPU.Build.0 = Release|Any CPU
		{A6CE7A14-EEE1-4A3F-AE1F-51983DB142C2}.Release|x64.ActiveCfg = Release|Any CPU
		{A6CE7A14-EEE1-4A3F-AE1F-51983DB142C2}.Release|x64.Build.0 = Release|Any CPU
		{A6CE7A14-EEE1-4A3F-AE1F-51983DB142C2}.Release|x86.ActiveCfg = Release|Any CPU
		{A6CE7A14-EEE1-4A3F-AE1F-51983DB142C2}.Release|x86.Build.0 = Release|Any CPU
		{811FE503-C0BD-498A-907C-F464DF284327}.Debug|Any CPU.ActiveCfg = Debug|Any CPU
		{811FE503-C0BD-498A-907C-F464DF284327}.Debug|Any CPU.Build.0 = Debug|Any CPU
		{811FE503-C0BD-498A-907C-F464DF284327}.Debug|x64.ActiveCfg = Debug|Any CPU
		{811FE503-C0BD-498A-907C-F464DF284327}.Debug|x64.Build.0 = Debug|Any CPU
		{811FE503-C0BD-498A-907C-F464DF284327}.Debug|x86.ActiveCfg = Debug|Any CPU
		{811FE503-C0BD-498A-907C-F464DF284327}.Debug|x86.Build.0 = Debug|Any CPU
		{811FE503-C0BD-498A-907C-F464DF284327}.Release|Any CPU.ActiveCfg = Release|Any CPU
		{811FE503-C0BD-498A-907C-F464DF284327}.Release|Any CPU.Build.0 = Release|Any CPU
		{811FE503-C0BD-498A-907C-F464DF284327}.Release|x64.ActiveCfg = Release|Any CPU
		{811FE503-C0BD-498A-907C-F464DF284327}.Release|x64.Build.0 = Release|Any CPU
		{811FE503-C0BD-498A-907C-F464DF284327}.Release|x86.ActiveCfg = Release|Any CPU
		{811FE503-C0BD-498A-907C-F464DF284327}.Release|x86.Build.0 = Release|Any CPU
		{FCD88D9B-319A-42F0-B201-8FECF45A80DC}.Debug|Any CPU.ActiveCfg = Debug|Any CPU
		{FCD88D9B-319A-42F0-B201-8FECF45A80DC}.Debug|Any CPU.Build.0 = Debug|Any CPU
		{FCD88D9B-319A-42F0-B201-8FECF45A80DC}.Debug|x64.ActiveCfg = Debug|Any CPU
		{FCD88D9B-319A-42F0-B201-8FECF45A80DC}.Debug|x64.Build.0 = Debug|Any CPU
		{FCD88D9B-319A-42F0-B201-8FECF45A80DC}.Debug|x86.ActiveCfg = Debug|Any CPU
		{FCD88D9B-319A-42F0-B201-8FECF45A80DC}.Debug|x86.Build.0 = Debug|Any CPU
		{FCD88D9B-319A-42F0-B201-8FECF45A80DC}.Release|Any CPU.ActiveCfg = Release|Any CPU
		{FCD88D9B-319A-42F0-B201-8FECF45A80DC}.Release|Any CPU.Build.0 = Release|Any CPU
		{FCD88D9B-319A-42F0-B201-8FECF45A80DC}.Release|x64.ActiveCfg = Release|Any CPU
		{FCD88D9B-319A-42F0-B201-8FECF45A80DC}.Release|x64.Build.0 = Release|Any CPU
		{FCD88D9B-319A-42F0-B201-8FECF45A80DC}.Release|x86.ActiveCfg = Release|Any CPU
		{FCD88D9B-319A-42F0-B201-8FECF45A80DC}.Release|x86.Build.0 = Release|Any CPU
	EndGlobalSection
	GlobalSection(SolutionProperties) = preSolution
		HideSolutionNode = FALSE
	EndGlobalSection
	GlobalSection(NestedProjects) = preSolution
		{DC8A8200-0BF1-E164-B057-EED839B00FF3} = {6DEC22B6-AD2D-232C-15CA-2E29BFC0A760}
		{D9A9D3B6-2BBD-44F8-971A-9E31A645F3CE} = {DC8A8200-0BF1-E164-B057-EED839B00FF3}
		{95E165FC-1DA4-71EF-2A37-17F0D22F8E9B} = {6DEC22B6-AD2D-232C-15CA-2E29BFC0A760}
		{BC5E7072-AE2F-4487-A112-6A2AD0496F01} = {95E165FC-1DA4-71EF-2A37-17F0D22F8E9B}
		{D14C3126-99A2-C67A-D0E5-1349910DA74E} = {6DEC22B6-AD2D-232C-15CA-2E29BFC0A760}
		{C49AC6B4-35B3-40CD-8C35-4A2C41CBCB15} = {D14C3126-99A2-C67A-D0E5-1349910DA74E}
		{90EA650C-76BD-53F4-2E94-5F26168E99AE} = {6DEC22B6-AD2D-232C-15CA-2E29BFC0A760}
		{4F42134B-2D2E-452B-978A-9C764C400874} = {90EA650C-76BD-53F4-2E94-5F26168E99AE}
		{2915EB76-77A3-A4BC-2D64-1D5D4F0B6ADF} = {65EFAC6D-19F9-8D55-5040-B8CC5FE95569}
		{A5D956F7-B689-4896-80C3-BDA989F26C96} = {2915EB76-77A3-A4BC-2D64-1D5D4F0B6ADF}
		{A258827C-08E1-3054-AA67-2ED2C8381315} = {65EFAC6D-19F9-8D55-5040-B8CC5FE95569}
		{A6CE7A14-EEE1-4A3F-AE1F-51983DB142C2} = {A258827C-08E1-3054-AA67-2ED2C8381315}
		{1045090B-9975-4EA9-D8DE-694182C32A8F} = {65EFAC6D-19F9-8D55-5040-B8CC5FE95569}
		{811FE503-C0BD-498A-907C-F464DF284327} = {1045090B-9975-4EA9-D8DE-694182C32A8F}
		{41BA70F0-AB31-FE8E-05ED-789B71110A58} = {65EFAC6D-19F9-8D55-5040-B8CC5FE95569}
		{FCD88D9B-319A-42F0-B201-8FECF45A80DC} = {41BA70F0-AB31-FE8E-05ED-789B71110A58}
	EndGlobalSection
EndGlobal
